// !$*UTF8*$!
{
	archiveVersion = 1;
	classes = {
	};
	objectVersion = 56;
	objects = {

/* Begin PBXBuildFile section */
		5733AD642CF7CB2300CF5481 /* GearModel.swift in Sources */ = {isa = PBXBuildFile; fileRef = 5733AD632CF7CB2300CF5481 /* GearModel.swift */; };
		5799ABE02CF4EEEF00019DF0 /* AppDelegate.swift in Sources */ = {isa = PBXBuildFile; fileRef = 5799ABDF2CF4EEEF00019DF0 /* AppDelegate.swift */; };
		5799ABE22CF4EEEF00019DF0 /* SceneDelegate.swift in Sources */ = {isa = PBXBuildFile; fileRef = 5799ABE12CF4EEEF00019DF0 /* SceneDelegate.swift */; };
		5799ABE42CF4EEEF00019DF0 /* ViewController.swift in Sources */ = {isa = PBXBuildFile; fileRef = 5799ABE32CF4EEEF00019DF0 /* ViewController.swift */; };
		5799ABE72CF4EEEF00019DF0 /* Base in Resources */ = {isa = PBXBuildFile; fileRef = 5799ABE62CF4EEEF00019DF0 /* Base */; };
		5799ABE92CF4EEF100019DF0 /* Assets.xcassets in Resources */ = {isa = PBXBuildFile; fileRef = 5799ABE82CF4EEF100019DF0 /* Assets.xcassets */; };
		5799ABEC2CF4EEF100019DF0 /* Base in Resources */ = {isa = PBXBuildFile; fileRef = 5799ABEB2CF4EEF100019DF0 /* Base */; };
		5799ABF42CF4F1C600019DF0 /* GearView.swift in Sources */ = {isa = PBXBuildFile; fileRef = 5799ABF32CF4F1C600019DF0 /* GearView.swift */; };
/* End PBXBuildFile section */

/* Begin PBXFileReference section */
		5733AD632CF7CB2300CF5481 /* GearModel.swift */ = {isa = PBXFileReference; lastKnownFileType = sourcecode.swift; path = GearModel.swift; sourceTree = "<group>"; };
		5799ABDC2CF4EEEF00019DF0 /* GearWheel.app */ = {isa = PBXFileReference; explicitFileType = wrapper.application; includeInIndex = 0; path = GearWheel.app; sourceTree = BUILT_PRODUCTS_DIR; };
		5799ABDF2CF4EEEF00019DF0 /* AppDelegate.swift */ = {isa = PBXFileReference; lastKnownFileType = sourcecode.swift; path = AppDelegate.swift; sourceTree = "<group>"; };
		5799ABE12CF4EEEF00019DF0 /* SceneDelegate.swift */ = {isa = PBXFileReference; lastKnownFileType = sourcecode.swift; path = SceneDelegate.swift; sourceTree = "<group>"; };
		5799ABE32CF4EEEF00019DF0 /* ViewController.swift */ = {isa = PBXFileReference; lastKnownFileType = sourcecode.swift; path = ViewController.swift; sourceTree = "<group>"; };
		5799ABE62CF4EEEF00019DF0 /* Base */ = {isa = PBXFileReference; lastKnownFileType = file.storyboard; name = Base; path = Base.lproj/Main.storyboard; sourceTree = "<group>"; };
		5799ABE82CF4EEF100019DF0 /* Assets.xcassets */ = {isa = PBXFileReference; lastKnownFileType = folder.assetcatalog; path = Assets.xcassets; sourceTree = "<group>"; };
		5799ABEB2CF4EEF100019DF0 /* Base */ = {isa = PBXFileReference; lastKnownFileType = file.storyboard; name = Base; path = Base.lproj/LaunchScreen.storyboard; sourceTree = "<group>"; };
		5799ABED2CF4EEF100019DF0 /* Info.plist */ = {isa = PBXFileReference; lastKnownFileType = text.plist.xml; path = Info.plist; sourceTree = "<group>"; };
		5799ABF32CF4F1C600019DF0 /* GearView.swift */ = {isa = PBXFileReference; lastKnownFileType = sourcecode.swift; path = GearView.swift; sourceTree = "<group>"; };
/* End PBXFileReference section */

/* Begin PBXFrameworksBuildPhase section */
		5799ABD92CF4EEEF00019DF0 /* Frameworks */ = {
			isa = PBXFrameworksBuildPhase;
			buildActionMask = 2147483647;
			files = (
			);
			runOnlyForDeploymentPostprocessing = 0;
		};
/* End PBXFrameworksBuildPhase section */

/* Begin PBXGroup section */
		5733AD652CF7CD4800CF5481 /* GearView */ = {
			isa = PBXGroup;
			children = (
				5733AD672CF7CD5C00CF5481 /* Model */,
				5733AD662CF7CD5400CF5481 /* View */,
			);
			path = GearView;
			sourceTree = "<group>";
		};
		5733AD662CF7CD5400CF5481 /* View */ = {
			isa = PBXGroup;
			children = (
				5799ABF32CF4F1C600019DF0 /* GearView.swift */,
			);
			path = View;
			sourceTree = "<group>";
		};
		5733AD672CF7CD5C00CF5481 /* Model */ = {
			isa = PBXGroup;
			children = (
				5733AD632CF7CB2300CF5481 /* GearModel.swift */,
			);
			path = Model;
			sourceTree = "<group>";
		};
		5799ABD32CF4EEEF00019DF0 = {
			isa = PBXGroup;
			children = (
				5799ABDE2CF4EEEF00019DF0 /* GearWheel */,
				5799ABDD2CF4EEEF00019DF0 /* Products */,
			);
			sourceTree = "<group>";
		};
		5799ABDD2CF4EEEF00019DF0 /* Products */ = {
			isa = PBXGroup;
			children = (
				5799ABDC2CF4EEEF00019DF0 /* GearWheel.app */,
			);
			name = Products;
			sourceTree = "<group>";
		};
		5799ABDE2CF4EEEF00019DF0 /* GearWheel */ = {
			isa = PBXGroup;
			children = (
				5799ABDF2CF4EEEF00019DF0 /* AppDelegate.swift */,
				5799ABE12CF4EEEF00019DF0 /* SceneDelegate.swift */,
				5799ABE32CF4EEEF00019DF0 /* ViewController.swift */,
				5733AD652CF7CD4800CF5481 /* GearView */,
				5799ABE52CF4EEEF00019DF0 /* Main.storyboard */,
				5799ABE82CF4EEF100019DF0 /* Assets.xcassets */,
				5799ABEA2CF4EEF100019DF0 /* LaunchScreen.storyboard */,
				5799ABED2CF4EEF100019DF0 /* Info.plist */,
			);
			path = GearWheel;
			sourceTree = "<group>";
		};
/* End PBXGroup section */

/* Begin PBXNativeTarget section */
		5799ABDB2CF4EEEF00019DF0 /* GearWheel */ = {
			isa = PBXNativeTarget;
			buildConfigurationList = 5799ABF02CF4EEF100019DF0 /* Build configuration list for PBXNativeTarget "GearWheel" */;
			buildPhases = (
				5799ABD82CF4EEEF00019DF0 /* Sources */,
				5799ABD92CF4EEEF00019DF0 /* Frameworks */,
				5799ABDA2CF4EEEF00019DF0 /* Resources */,
			);
			buildRules = (
			);
			dependencies = (
			);
			name = GearWheel;
			productName = GearWheel;
			productReference = 5799ABDC2CF4EEEF00019DF0 /* GearWheel.app */;
			productType = "com.apple.product-type.application";
		};
/* End PBXNativeTarget section */

/* Begin PBXProject section */
		5799ABD42CF4EEEF00019DF0 /* Project object */ = {
			isa = PBXProject;
			attributes = {
				BuildIndependentTargetsInParallel = 1;
				LastSwiftUpdateCheck = 1540;
				LastUpgradeCheck = 1540;
				TargetAttributes = {
					5799ABDB2CF4EEEF00019DF0 = {
						CreatedOnToolsVersion = 15.4;
					};
				};
			};
			buildConfigurationList = 5799ABD72CF4EEEF00019DF0 /* Build configuration list for PBXProject "GearWheel" */;
			compatibilityVersion = "Xcode 14.0";
			developmentRegion = en;
			hasScannedForEncodings = 0;
			knownRegions = (
				en,
				Base,
			);
			mainGroup = 5799ABD32CF4EEEF00019DF0;
			productRefGroup = 5799ABDD2CF4EEEF00019DF0 /* Products */;
			projectDirPath = "";
			projectRoot = "";
			targets = (
				5799ABDB2CF4EEEF00019DF0 /* GearWheel */,
			);
		};
/* End PBXProject section */

/* Begin PBXResourcesBuildPhase section */
		5799ABDA2CF4EEEF00019DF0 /* Resources */ = {
			isa = PBXResourcesBuildPhase;
			buildActionMask = 2147483647;
			files = (
				5799ABE92CF4EEF100019DF0 /* Assets.xcassets in Resources */,
				5799ABEC2CF4EEF100019DF0 /* Base in Resources */,
				5799ABE72CF4EEEF00019DF0 /* Base in Resources */,
			);
			runOnlyForDeploymentPostprocessing = 0;
		};
/* End PBXResourcesBuildPhase section */

/* Begin PBXSourcesBuildPhase section */
		5799ABD82CF4EEEF00019DF0 /* Sources */ = {
			isa = PBXSourcesBuildPhase;
			buildActionMask = 2147483647;
			files = (
				5733AD642CF7CB2300CF5481 /* GearModel.swift in Sources */,
				5799ABE42CF4EEEF00019DF0 /* ViewController.swift in Sources */,
				5799ABE02CF4EEEF00019DF0 /* AppDelegate.swift in Sources */,
				5799ABE22CF4EEEF00019DF0 /* SceneDelegate.swift in Sources */,
				5799ABF42CF4F1C600019DF0 /* GearView.swift in Sources */,
			);
			runOnlyForDeploymentPostprocessing = 0;
		};
/* End PBXSourcesBuildPhase section */

/* Begin PBXVariantGroup section */
		5799ABE52CF4EEEF00019DF0 /* Main.storyboard */ = {
			isa = PBXVariantGroup;
			children = (
				5799ABE62CF4EEEF00019DF0 /* Base */,
			);
			name = Main.storyboard;
			sourceTree = "<group>";
		};
		5799ABEA2CF4EEF100019DF0 /* LaunchScreen.storyboard */ = {
			isa = PBXVariantGroup;
			children = (
				5799ABEB2CF4EEF100019DF0 /* Base */,
			);
			name = LaunchScreen.storyboard;
			sourceTree = "<group>";
		};
/* End PBXVariantGroup section */

/* Begin XCBuildConfiguration section */
		5799ABEE2CF4EEF100019DF0 /* Debug */ = {
			isa = XCBuildConfiguration;
			buildSettings = {
				ALWAYS_SEARCH_USER_PATHS = NO;
				ASSETCATALOG_COMPILER_GENERATE_SWIFT_ASSET_SYMBOL_EXTENSIONS = YES;
				CLANG_ANALYZER_NONNULL = YES;
				CLANG_ANALYZER_NUMBER_OBJECT_CONVERSION = YES_AGGRESSIVE;
				CLANG_CXX_LANGUAGE_STANDARD = "gnu++20";
				CLANG_ENABLE_MODULES = YES;
				CLANG_ENABLE_OBJC_ARC = YES;
				CLANG_ENABLE_OBJC_WEAK = YES;
				CLANG_WARN_BLOCK_CAPTURE_AUTORELEASING = YES;
				CLANG_WARN_BOOL_CONVERSION = YES;
				CLANG_WARN_COMMA = YES;
				CLANG_WARN_CONSTANT_CONVERSION = YES;
				CLANG_WARN_DEPRECATED_OBJC_IMPLEMENTATIONS = YES;
				CLANG_WARN_DIRECT_OBJC_ISA_USAGE = YES_ERROR;
				CLANG_WARN_DOCUMENTATION_COMMENTS = YES;
				CLANG_WARN_EMPTY_BODY = YES;
				CLANG_WARN_ENUM_CONVERSION = YES;
				CLANG_WARN_INFINITE_RECURSION = YES;
				CLANG_WARN_INT_CONVERSION = YES;
				CLANG_WARN_NON_LITERAL_NULL_CONVERSION = YES;
				CLANG_WARN_OBJC_IMPLICIT_RETAIN_SELF = YES;
				CLANG_WARN_OBJC_LITERAL_CONVERSION = YES;
				CLANG_WARN_OBJC_ROOT_CLASS = YES_ERROR;
				CLANG_WARN_QUOTED_INCLUDE_IN_FRAMEWORK_HEADER = YES;
				CLANG_WARN_RANGE_LOOP_ANALYSIS = YES;
				CLANG_WARN_STRICT_PROTOTYPES = YES;
				CLANG_WARN_SUSPICIOUS_MOVE = YES;
				CLANG_WARN_UNGUARDED_AVAILABILITY = YES_AGGRESSIVE;
				CLANG_WARN_UNREACHABLE_CODE = YES;
				CLANG_WARN__DUPLICATE_METHOD_MATCH = YES;
				COPY_PHASE_STRIP = NO;
				DEBUG_INFORMATION_FORMAT = dwarf;
				ENABLE_STRICT_OBJC_MSGSEND = YES;
				ENABLE_TESTABILITY = YES;
				ENABLE_USER_SCRIPT_SANDBOXING = YES;
				GCC_C_LANGUAGE_STANDARD = gnu17;
				GCC_DYNAMIC_NO_PIC = NO;
				GCC_NO_COMMON_BLOCKS = YES;
				GCC_OPTIMIZATION_LEVEL = 0;
				GCC_PREPROCESSOR_DEFINITIONS = (
					"DEBUG=1",
					"$(inherited)",
				);
				GCC_WARN_64_TO_32_BIT_CONVERSION = YES;
				GCC_WARN_ABOUT_RETURN_TYPE = YES_ERROR;
				GCC_WARN_UNDECLARED_SELECTOR = YES;
				GCC_WARN_UNINITIALIZED_AUTOS = YES_AGGRESSIVE;
				GCC_WARN_UNUSED_FUNCTION = YES;
				GCC_WARN_UNUSED_VARIABLE = YES;
				IPHONEOS_DEPLOYMENT_TARGET = 17.5;
				LOCALIZATION_PREFERS_STRING_CATALOGS = YES;
				MTL_ENABLE_DEBUG_INFO = INCLUDE_SOURCE;
				MTL_FAST_MATH = YES;
				ONLY_ACTIVE_ARCH = YES;
				SDKROOT = iphoneos;
				SWIFT_ACTIVE_COMPILATION_CONDITIONS = "DEBUG $(inherited)";
				SWIFT_OPTIMIZATION_LEVEL = "-Onone";
			};
			name = Debug;
		};
		5799ABEF2CF4EEF100019DF0 /* Release */ = {
			isa = XCBuildConfiguration;
			buildSettings = {
				ALWAYS_SEARCH_USER_PATHS = NO;
				ASSETCATALOG_COMPILER_GENERATE_SWIFT_ASSET_SYMBOL_EXTENSIONS = YES;
				CLANG_ANALYZER_NONNULL = YES;
				CLANG_ANALYZER_NUMBER_OBJECT_CONVERSION = YES_AGGRESSIVE;
				CLANG_CXX_LANGUAGE_STANDARD = "gnu++20";
				CLANG_ENABLE_MODULES = YES;
				CLANG_ENABLE_OBJC_ARC = YES;
				CLANG_ENABLE_OBJC_WEAK = YES;
				CLANG_WARN_BLOCK_CAPTURE_AUTORELEASING = YES;
				CLANG_WARN_BOOL_CONVERSION = YES;
				CLANG_WARN_COMMA = YES;
				CLANG_WARN_CONSTANT_CONVERSION = YES;
				CLANG_WARN_DEPRECATED_OBJC_IMPLEMENTATIONS = YES;
				CLANG_WARN_DIRECT_OBJC_ISA_USAGE = YES_ERROR;
				CLANG_WARN_DOCUMENTATION_COMMENTS = YES;
				CLANG_WARN_EMPTY_BODY = YES;
				CLANG_WARN_ENUM_CONVERSION = YES;
				CLANG_WARN_INFINITE_RECURSION = YES;
				CLANG_WARN_INT_CONVERSION = YES;
				CLANG_WARN_NON_LITERAL_NULL_CONVERSION = YES;
				CLANG_WARN_OBJC_IMPLICIT_RETAIN_SELF = YES;
				CLANG_WARN_OBJC_LITERAL_CONVERSION = YES;
				CLANG_WARN_OBJC_ROOT_CLASS = YES_ERROR;
				CLANG_WARN_QUOTED_INCLUDE_IN_FRAMEWORK_HEADER = YES;
				CLANG_WARN_RANGE_LOOP_ANALYSIS = YES;
				CLANG_WARN_STRICT_PROTOTYPES = YES;
				CLANG_WARN_SUSPICIOUS_MOVE = YES;
				CLANG_WARN_UNGUARDED_AVAILABILITY = YES_AGGRESSIVE;
				CLANG_WARN_UNREACHABLE_CODE = YES;
				CLANG_WARN__DUPLICATE_METHOD_MATCH = YES;
				COPY_PHASE_STRIP = NO;
				DEBUG_INFORMATION_FORMAT = "dwarf-with-dsym";
				ENABLE_NS_ASSERTIONS = NO;
				ENABLE_STRICT_OBJC_MSGSEND = YES;
				ENABLE_USER_SCRIPT_SANDBOXING = YES;
				GCC_C_LANGUAGE_STANDARD = gnu17;
				GCC_NO_COMMON_BLOCKS = YES;
				GCC_WARN_64_TO_32_BIT_CONVERSION = YES;
				GCC_WARN_ABOUT_RETURN_TYPE = YES_ERROR;
				GCC_WARN_UNDECLARED_SELECTOR = YES;
				GCC_WARN_UNINITIALIZED_AUTOS = YES_AGGRESSIVE;
				GCC_WARN_UNUSED_FUNCTION = YES;
				GCC_WARN_UNUSED_VARIABLE = YES;
				IPHONEOS_DEPLOYMENT_TARGET = 17.5;
				LOCALIZATION_PREFERS_STRING_CATALOGS = YES;
				MTL_ENABLE_DEBUG_INFO = NO;
				MTL_FAST_MATH = YES;
				SDKROOT = iphoneos;
				SWIFT_COMPILATION_MODE = wholemodule;
				VALIDATE_PRODUCT = YES;
			};
			name = Release;
		};
		5799ABF12CF4EEF100019DF0 /* Debug */ = {
			isa = XCBuildConfiguration;
			buildSettings = {
				ASSETCATALOG_COMPILER_APPICON_NAME = AppIcon;
				ASSETCATALOG_COMPILER_GLOBAL_ACCENT_COLOR_NAME = AccentColor;
				CODE_SIGN_STYLE = Automatic;
				CURRENT_PROJECT_VERSION = 1;
				DEVELOPMENT_TEAM = P9RVPJP565;
				GENERATE_INFOPLIST_FILE = YES;
				INFOPLIST_FILE = GearWheel/Info.plist;
				INFOPLIST_KEY_UIApplicationSupportsIndirectInputEvents = YES;
				INFOPLIST_KEY_UILaunchStoryboardName = LaunchScreen;
				INFOPLIST_KEY_UIMainStoryboardFile = Main;
				INFOPLIST_KEY_UISupportedInterfaceOrientations_iPad = "UIInterfaceOrientationPortrait UIInterfaceOrientationPortraitUpsideDown UIInterfaceOrientationLandscapeLeft UIInterfaceOrientationLandscapeRight";
				INFOPLIST_KEY_UISupportedInterfaceOrientations_iPhone = "UIInterfaceOrientationPortrait UIInterfaceOrientationLandscapeLeft UIInterfaceOrientationLandscapeRight";
				LD_RUNPATH_SEARCH_PATHS = (
					"$(inherited)",
					"@executable_path/Frameworks",
				);
				MARKETING_VERSION = 1.0;
				PRODUCT_BUNDLE_IDENTIFIER = yevgen11.GearWheel;
				PRODUCT_NAME = "$(TARGET_NAME)";
				SWIFT_EMIT_LOC_STRINGS = YES;
				SWIFT_VERSION = 5.0;
				TARGETED_DEVICE_FAMILY = "1,2";
			};
			name = Debug;
		};
		5799ABF22CF4EEF100019DF0 /* Release */ = {
			isa = XCBuildConfiguration;
			buildSettings = {
				ASSETCATALOG_COMPILER_APPICON_NAME = AppIcon;
				ASSETCATALOG_COMPILER_GLOBAL_ACCENT_COLOR_NAME = AccentColor;
				CODE_SIGN_STYLE = Automatic;
				CURRENT_PROJECT_VERSION = 1;
				DEVELOPMENT_TEAM = P9RVPJP565;
				GENERATE_INFOPLIST_FILE = YES;
				INFOPLIST_FILE = GearWheel/Info.plist;
				INFOPLIST_KEY_UIApplicationSupportsIndirectInputEvents = YES;
				INFOPLIST_KEY_UILaunchStoryboardName = LaunchScreen;
				INFOPLIST_KEY_UIMainStoryboardFile = Main;
				INFOPLIST_KEY_UISupportedInterfaceOrientations_iPad = "UIInterfaceOrientationPortrait UIInterfaceOrientationPortraitUpsideDown UIInterfaceOrientationLandscapeLeft UIInterfaceOrientationLandscapeRight";
				INFOPLIST_KEY_UISupportedInterfaceOrientations_iPhone = "UIInterfaceOrientationPortrait UIInterfaceOrientationLandscapeLeft UIInterfaceOrientationLandscapeRight";
				LD_RUNPATH_SEARCH_PATHS = (
					"$(inherited)",
					"@executable_path/Frameworks",
				);
				MARKETING_VERSION = 1.0;
				PRODUCT_BUNDLE_IDENTIFIER = yevgen11.GearWheel;
				PRODUCT_NAME = "$(TARGET_NAME)";
				SWIFT_EMIT_LOC_STRINGS = YES;
				SWIFT_VERSION = 5.0;
				TARGETED_DEVICE_FAMILY = "1,2";
			};
			name = Release;
		};
/* End XCBuildConfiguration section */

/* Begin XCConfigurationList section */
		5799ABD72CF4EEEF00019DF0 /* Build configuration list for PBXProject "GearWheel" */ = {
			isa = XCConfigurationList;
			buildConfigurations = (
				5799ABEE2CF4EEF100019DF0 /* Debug */,
				5799ABEF2CF4EEF100019DF0 /* Release */,
			);
			defaultConfigurationIsVisible = 0;
			defaultConfigurationName = Release;
		};
		5799ABF02CF4EEF100019DF0 /* Build configuration list for PBXNativeTarget "GearWheel" */ = {
			isa = XCConfigurationList;
			buildConfigurations = (
				5799ABF12CF4EEF100019DF0 /* Debug */,
				5799ABF22CF4EEF100019DF0 /* Release */,
			);
			defaultConfigurationIsVisible = 0;
			defaultConfigurationName = Release;
		};
/* End XCConfigurationList section */
	};
	rootObject = 5799ABD42CF4EEEF00019DF0 /* Project object */;
}
